PODS:
  - ObjectMapper (4.2.0)
  - Realm (10.15.1):
    - Realm/Headers (= 10.15.1)
  - Realm/Headers (10.15.1)
  - RealmSwift (10.15.1):
    - Realm (= 10.15.1)
  - SwiftyGif (5.4.4)
  - TPKeyboardAvoiding (1.3.5)

DEPENDENCIES:
  - ObjectMapper
  - RealmSwift (~> 10.15.0)
  - SwiftyGif
  - TPKeyboardAvoiding

SPEC REPOS:
  trunk:
    - ObjectMapper
    - Realm
    - RealmSwift
    - SwiftyGif
    - TPKeyboardAvoiding

SPEC CHECKSUMS:
  ObjectMapper: 1eb41f610210777375fa806bf161dc39fb832b81
  Realm: fbcbde2620d51623cc5b18e28f5b165c39abef52
  RealmSwift: e4bea8e42efad3d543aea23b56504069c6faaea2
  SwiftyGif: 93a1cc87bf3a51916001cf8f3d63835fb64c819f
  TPKeyboardAvoiding: d55b3ea7b362540af8fcf36aa3ed2e87bf210cc6

PODFILE CHECKSUM: 20ec4f0960cb32bd9bec3decac26bfe48baf1dcd

COCOAPODS: 1.11.3
