// !$*UTF8*$!
{
	archiveVersion = 1;
	classes = {
	};
	objectVersion = 50;
	objects = {

/* Begin PBXBuildFile section */
		47EFB9B723F6835F00BE3AEE /* AppDelegate.swift in Sources */ = {isa = PBXBuildFile; fileRef = 47EFB9B623F6835F00BE3AEE /* AppDelegate.swift */; };
		47EFB9B923F6835F00BE3AEE /* SceneDelegate.swift in Sources */ = {isa = PBXBuildFile; fileRef = 47EFB9B823F6835F00BE3AEE /* SceneDelegate.swift */; };
		47EFB9BB23F6835F00BE3AEE /* ViewController.swift in Sources */ = {isa = PBXBuildFile; fileRef = 47EFB9BA23F6835F00BE3AEE /* ViewController.swift */; };
		47EFB9BE23F6835F00BE3AEE /* Main.storyboard in Resources */ = {isa = PBXBuildFile; fileRef = 47EFB9BC23F6835F00BE3AEE /* Main.storyboard */; };
		47EFB9C023F6836200BE3AEE /* Assets.xcassets in Resources */ = {isa = PBXBuildFile; fileRef = 47EFB9BF23F6836200BE3AEE /* Assets.xcassets */; };
		47EFB9C323F6836200BE3AEE /* LaunchScreen.storyboard in Resources */ = {isa = PBXBuildFile; fileRef = 47EFB9C123F6836200BE3AEE /* LaunchScreen.storyboard */; };
		47EFB9CE23F6836300BE3AEE /* FurnitureARTests.swift in Sources */ = {isa = PBXBuildFile; fileRef = 47EFB9CD23F6836300BE3AEE /* FurnitureARTests.swift */; };
		47EFB9D923F6836300BE3AEE /* FurnitureARUITests.swift in Sources */ = {isa = PBXBuildFile; fileRef = 47EFB9D823F6836300BE3AEE /* FurnitureARUITests.swift */; };
/* End PBXBuildFile section */

/* Begin PBXContainerItemProxy section */
		47EFB9CA23F6836300BE3AEE /* PBXContainerItemProxy */ = {
			isa = PBXContainerItemProxy;
			containerPortal = 47EFB9AB23F6835F00BE3AEE /* Project object */;
			proxyType = 1;
			remoteGlobalIDString = 47EFB9B223F6835F00BE3AEE;
			remoteInfo = FurnitureAR;
		};
		47EFB9D523F6836300BE3AEE /* PBXContainerItemProxy */ = {
			isa = PBXContainerItemProxy;
			containerPortal = 47EFB9AB23F6835F00BE3AEE /* Project object */;
			proxyType = 1;
			remoteGlobalIDString = 47EFB9B223F6835F00BE3AEE;
			remoteInfo = FurnitureAR;
		};
/* End PBXContainerItemProxy section */

/* Begin PBXFileReference section */
		47EFB9B323F6835F00BE3AEE /* FurnitureAR.app */ = {isa = PBXFileReference; explicitFileType = wrapper.application; includeInIndex = 0; path = FurnitureAR.app; sourceTree = BUILT_PRODUCTS_DIR; };
		47EFB9B623F6835F00BE3AEE /* AppDelegate.swift */ = {isa = PBXFileReference; lastKnownFileType = sourcecode.swift; path = AppDelegate.swift; sourceTree = "<group>"; };
		47EFB9B823F6835F00BE3AEE /* SceneDelegate.swift */ = {isa = PBXFileReference; lastKnownFileType = sourcecode.swift; path = SceneDelegate.swift; sourceTree = "<group>"; };
		47EFB9BA23F6835F00BE3AEE /* ViewController.swift */ = {isa = PBXFileReference; lastKnownFileType = sourcecode.swift; path = ViewController.swift; sourceTree = "<group>"; };
		47EFB9BD23F6835F00BE3AEE /* Base */ = {isa = PBXFileReference; lastKnownFileType = file.storyboard; name = Base; path = Base.lproj/Main.storyboard; sourceTree = "<group>"; };
		47EFB9BF23F6836200BE3AEE /* Assets.xcassets */ = {isa = PBXFileReference; lastKnownFileType = folder.assetcatalog; path = Assets.xcassets; sourceTree = "<group>"; };
		47EFB9C223F6836200BE3AEE /* Base */ = {isa = PBXFileReference; lastKnownFileType = file.storyboard; name = Base; path = Base.lproj/LaunchScreen.storyboard; sourceTree = "<group>"; };
		47EFB9C423F6836200BE3AEE /* Info.plist */ = {isa = PBXFileReference; lastKnownFileType = text.plist.xml; path = Info.plist; sourceTree = "<group>"; };
		47EFB9C923F6836300BE3AEE /* FurnitureARTests.xctest */ = {isa = PBXFileReference; explicitFileType = wrapper.cfbundle; includeInIndex = 0; path = FurnitureARTests.xctest; sourceTree = BUILT_PRODUCTS_DIR; };
		47EFB9CD23F6836300BE3AEE /* FurnitureARTests.swift */ = {isa = PBXFileReference; lastKnownFileType = sourcecode.swift; path = FurnitureARTests.swift; sourceTree = "<group>"; };
		47EFB9CF23F6836300BE3AEE /* Info.plist */ = {isa = PBXFileReference; lastKnownFileType = text.plist.xml; path = Info.plist; sourceTree = "<group>"; };
		47EFB9D423F6836300BE3AEE /* FurnitureARUITests.xctest */ = {isa = PBXFileReference; explicitFileType = wrapper.cfbundle; includeInIndex = 0; path = FurnitureARUITests.xctest; sourceTree = BUILT_PRODUCTS_DIR; };
		47EFB9D823F6836300BE3AEE /* FurnitureARUITests.swift */ = {isa = PBXFileReference; lastKnownFileType = sourcecode.swift; path = FurnitureARUITests.swift; sourceTree = "<group>"; };
		47EFB9DA23F6836300BE3AEE /* Info.plist */ = {isa = PBXFileReference; lastKnownFileType = text.plist.xml; path = Info.plist; sourceTree = "<group>"; };
/* End PBXFileReference section */

/* Begin PBXFrameworksBuildPhase section */
		47EFB9B023F6835F00BE3AEE /* Frameworks */ = {
			isa = PBXFrameworksBuildPhase;
			buildActionMask = 2147483647;
			files = (
			);
			runOnlyForDeploymentPostprocessing = 0;
		};
		47EFB9C623F6836300BE3AEE /* Frameworks */ = {
			isa = PBXFrameworksBuildPhase;
			buildActionMask = 2147483647;
			files = (
			);
			runOnlyForDeploymentPostprocessing = 0;
		};
		47EFB9D123F6836300BE3AEE /* Frameworks */ = {
			isa = PBXFrameworksBuildPhase;
			buildActionMask = 2147483647;
			files = (
			);
			runOnlyForDeploymentPostprocessing = 0;
		};
/* End PBXFrameworksBuildPhase section */

/* Begin PBXGroup section */
		47EFB9AA23F6835F00BE3AEE = {
			isa = PBXGroup;
			children = (
				47EFB9B523F6835F00BE3AEE /* FurnitureAR */,
				47EFB9CC23F6836300BE3AEE /* FurnitureARTests */,
				47EFB9D723F6836300BE3AEE /* FurnitureARUITests */,
				47EFB9B423F6835F00BE3AEE /* Products */,
			);
			sourceTree = "<group>";
		};
		47EFB9B423F6835F00BE3AEE /* Products */ = {
			isa = PBXGroup;
			children = (
				47EFB9B323F6835F00BE3AEE /* FurnitureAR.app */,
				47EFB9C923F6836300BE3AEE /* FurnitureARTests.xctest */,
				47EFB9D423F6836300BE3AEE /* FurnitureARUITests.xctest */,
			);
			name = Products;
			sourceTree = "<group>";
		};
		47EFB9B523F6835F00BE3AEE /* FurnitureAR */ = {
			isa = PBXGroup;
			children = (
				47EFB9B623F6835F00BE3AEE /* AppDelegate.swift */,
				47EFB9B823F6835F00BE3AEE /* SceneDelegate.swift */,
				47EFB9BA23F6835F00BE3AEE /* ViewController.swift */,
				47EFB9BC23F6835F00BE3AEE /* Main.storyboard */,
				47EFB9BF23F6836200BE3AEE /* Assets.xcassets */,
				47EFB9C123F6836200BE3AEE /* LaunchScreen.storyboard */,
				47EFB9C423F6836200BE3AEE /* Info.plist */,
			);
			path = FurnitureAR;
			sourceTree = "<group>";
		};
		47EFB9CC23F6836300BE3AEE /* FurnitureARTests */ = {
			isa = PBXGroup;
			children = (
				47EFB9CD23F6836300BE3AEE /* FurnitureARTests.swift */,
				47EFB9CF23F6836300BE3AEE /* Info.plist */,
			);
			path = FurnitureARTests;
			sourceTree = "<group>";
		};
		47EFB9D723F6836300BE3AEE /* FurnitureARUITests */ = {
			isa = PBXGroup;
			children = (
				47EFB9D823F6836300BE3AEE /* FurnitureARUITests.swift */,
				47EFB9DA23F6836300BE3AEE /* Info.plist */,
			);
			path = FurnitureARUITests;
			sourceTree = "<group>";
		};
/* End PBXGroup section */

/* Begin PBXNativeTarget section */
		47EFB9B223F6835F00BE3AEE /* FurnitureAR */ = {
			isa = PBXNativeTarget;
			buildConfigurationList = 47EFB9DD23F6836300BE3AEE /* Build configuration list for PBXNativeTarget "FurnitureAR" */;
			buildPhases = (
				47EFB9AF23F6835F00BE3AEE /* Sources */,
				47EFB9B023F6835F00BE3AEE /* Frameworks */,
				47EFB9B123F6835F00BE3AEE /* Resources */,
			);
			buildRules = (
			);
			dependencies = (
			);
			name = FurnitureAR;
			productName = FurnitureAR;
			productReference = 47EFB9B323F6835F00BE3AEE /* FurnitureAR.app */;
			productType = "com.apple.product-type.application";
		};
		47EFB9C823F6836300BE3AEE /* FurnitureARTests */ = {
			isa = PBXNativeTarget;
			buildConfigurationList = 47EFB9E023F6836300BE3AEE /* Build configuration list for PBXNativeTarget "FurnitureARTests" */;
			buildPhases = (
				47EFB9C523F6836300BE3AEE /* Sources */,
				47EFB9C623F6836300BE3AEE /* Frameworks */,
				47EFB9C723F6836300BE3AEE /* Resources */,
			);
			buildRules = (
			);
			dependencies = (
				47EFB9CB23F6836300BE3AEE /* PBXTargetDependency */,
			);
			name = FurnitureARTests;
			productName = FurnitureARTests;
			productReference = 47EFB9C923F6836300BE3AEE /* FurnitureARTests.xctest */;
			productType = "com.apple.product-type.bundle.unit-test";
		};
		47EFB9D323F6836300BE3AEE /* FurnitureARUITests */ = {
			isa = PBXNativeTarget;
			buildConfigurationList = 47EFB9E323F6836300BE3AEE /* Build configuration list for PBXNativeTarget "FurnitureARUITests" */;
			buildPhases = (
				47EFB9D023F6836300BE3AEE /* Sources */,
				47EFB9D123F6836300BE3AEE /* Frameworks */,
				47EFB9D223F6836300BE3AEE /* Resources */,
			);
			buildRules = (
			);
			dependencies = (
				47EFB9D623F6836300BE3AEE /* PBXTargetDependency */,
			);
			name = FurnitureARUITests;
			productName = FurnitureARUITests;
			productReference = 47EFB9D423F6836300BE3AEE /* FurnitureARUITests.xctest */;
			productType = "com.apple.product-type.bundle.ui-testing";
		};
/* End PBXNativeTarget section */

/* Begin PBXProject section */
		47EFB9AB23F6835F00BE3AEE /* Project object */ = {
			isa = PBXProject;
			attributes = {
				LastSwiftUpdateCheck = 1120;
				LastUpgradeCheck = 1120;
				ORGANIZATIONNAME = "akshay patil";
				TargetAttributes = {
					47EFB9B223F6835F00BE3AEE = {
						CreatedOnToolsVersion = 11.2;
					};
					47EFB9C823F6836300BE3AEE = {
						CreatedOnToolsVersion = 11.2;
						TestTargetID = 47EFB9B223F6835F00BE3AEE;
					};
					47EFB9D323F6836300BE3AEE = {
						CreatedOnToolsVersion = 11.2;
						TestTargetID = 47EFB9B223F6835F00BE3AEE;
					};
				};
			};
			buildConfigurationList = 47EFB9AE23F6835F00BE3AEE /* Build configuration list for PBXProject "FurnitureAR" */;
			compatibilityVersion = "Xcode 9.3";
			developmentRegion = en;
			hasScannedForEncodings = 0;
			knownRegions = (
				en,
				Base,
			);
			mainGroup = 47EFB9AA23F6835F00BE3AEE;
			productRefGroup = 47EFB9B423F6835F00BE3AEE /* Products */;
			projectDirPath = "";
			projectRoot = "";
			targets = (
				47EFB9B223F6835F00BE3AEE /* FurnitureAR */,
				47EFB9C823F6836300BE3AEE /* FurnitureARTests */,
				47EFB9D323F6836300BE3AEE /* FurnitureARUITests */,
			);
		};
/* End PBXProject section */

/* Begin PBXResourcesBuildPhase section */
		47EFB9B123F6835F00BE3AEE /* Resources */ = {
			isa = PBXResourcesBuildPhase;
			buildActionMask = 2147483647;
			files = (
				47EFB9C323F6836200BE3AEE /* LaunchScreen.storyboard in Resources */,
				47EFB9C023F6836200BE3AEE /* Assets.xcassets in Resources */,
				47EFB9BE23F6835F00BE3AEE /* Main.storyboard in Resources */,
			);
			runOnlyForDeploymentPostprocessing = 0;
		};
		47EFB9C723F6836300BE3AEE /* Resources */ = {
			isa = PBXResourcesBuildPhase;
			buildActionMask = 2147483647;
			files = (
			);
			runOnlyForDeploymentPostprocessing = 0;
		};
		47EFB9D223F6836300BE3AEE /* Resources */ = {
			isa = PBXResourcesBuildPhase;
			buildActionMask = 2147483647;
			files = (
			);
			runOnlyForDeploymentPostprocessing = 0;
		};
/* End PBXResourcesBuildPhase section */

/* Begin PBXSourcesBuildPhase section */
		47EFB9AF23F6835F00BE3AEE /* Sources */ = {
			isa = PBXSourcesBuildPhase;
			buildActionMask = 2147483647;
			files = (
				47EFB9BB23F6835F00BE3AEE /* ViewController.swift in Sources */,
				47EFB9B723F6835F00BE3AEE /* AppDelegate.swift in Sources */,
				47EFB9B923F6835F00BE3AEE /* SceneDelegate.swift in Sources */,
			);
			runOnlyForDeploymentPostprocessing = 0;
		};
		47EFB9C523F6836300BE3AEE /* Sources */ = {
			isa = PBXSourcesBuildPhase;
			buildActionMask = 2147483647;
			files = (
				47EFB9CE23F6836300BE3AEE /* FurnitureARTests.swift in Sources */,
			);
			runOnlyForDeploymentPostprocessing = 0;
		};
		47EFB9D023F6836300BE3AEE /* Sources */ = {
			isa = PBXSourcesBuildPhase;
			buildActionMask = 2147483647;
			files = (
				47EFB9D923F6836300BE3AEE /* FurnitureARUITests.swift in Sources */,
			);
			runOnlyForDeploymentPostprocessing = 0;
		};
/* End PBXSourcesBuildPhase section */

/* Begin PBXTargetDependency section */
		47EFB9CB23F6836300BE3AEE /* PBXTargetDependency */ = {
			isa = PBXTargetDependency;
			target = 47EFB9B223F6835F00BE3AEE /* FurnitureAR */;
			targetProxy = 47EFB9CA23F6836300BE3AEE /* PBXContainerItemProxy */;
		};
		47EFB9D623F6836300BE3AEE /* PBXTargetDependency */ = {
			isa = PBXTargetDependency;
			target = 47EFB9B223F6835F00BE3AEE /* FurnitureAR */;
			targetProxy = 47EFB9D523F6836300BE3AEE /* PBXContainerItemProxy */;
		};
/* End PBXTargetDependency section */

/* Begin PBXVariantGroup section */
		47EFB9BC23F6835F00BE3AEE /* Main.storyboard */ = {
			isa = PBXVariantGroup;
			children = (
				47EFB9BD23F6835F00BE3AEE /* Base */,
			);
			name = Main.storyboard;
			sourceTree = "<group>";
		};
		47EFB9C123F6836200BE3AEE /* LaunchScreen.storyboard */ = {
			isa = PBXVariantGroup;
			children = (
				47EFB9C223F6836200BE3AEE /* Base */,
			);
			name = LaunchScreen.storyboard;
			sourceTree = "<group>";
		};
/* End PBXVariantGroup section */

/* Begin XCBuildConfiguration section */
		47EFB9DB23F6836300BE3AEE /* Debug */ = {
			isa = XCBuildConfiguration;
			buildSettings = {
				ALWAYS_SEARCH_USER_PATHS = NO;
				CLANG_ANALYZER_NONNULL = YES;
				CLANG_ANALYZER_NUMBER_OBJECT_CONVERSION = YES_AGGRESSIVE;
				CLANG_CXX_LANGUAGE_STANDARD = "gnu++14";
				CLANG_CXX_LIBRARY = "libc++";
				CLANG_ENABLE_MODULES = YES;
				CLANG_ENABLE_OBJC_ARC = YES;
				CLANG_ENABLE_OBJC_WEAK = YES;
				CLANG_WARN_BLOCK_CAPTURE_AUTORELEASING = YES;
				CLANG_WARN_BOOL_CONVERSION = YES;
				CLANG_WARN_COMMA = YES;
				CLANG_WARN_CONSTANT_CONVERSION = YES;
				CLANG_WARN_DEPRECATED_OBJC_IMPLEMENTATIONS = YES;
				CLANG_WARN_DIRECT_OBJC_ISA_USAGE = YES_ERROR;
				CLANG_WARN_DOCUMENTATION_COMMENTS = YES;
				CLANG_WARN_EMPTY_BODY = YES;
				CLANG_WARN_ENUM_CONVERSION = YES;
				CLANG_WARN_INFINITE_RECURSION = YES;
				CLANG_WARN_INT_CONVERSION = YES;
				CLANG_WARN_NON_LITERAL_NULL_CONVERSION = YES;
				CLANG_WARN_OBJC_IMPLICIT_RETAIN_SELF = YES;
				CLANG_WARN_OBJC_LITERAL_CONVERSION = YES;
				CLANG_WARN_OBJC_ROOT_CLASS = YES_ERROR;
				CLANG_WARN_RANGE_LOOP_ANALYSIS = YES;
				CLANG_WARN_STRICT_PROTOTYPES = YES;
				CLANG_WARN_SUSPICIOUS_MOVE = YES;
				CLANG_WARN_UNGUARDED_AVAILABILITY = YES_AGGRESSIVE;
				CLANG_WARN_UNREACHABLE_CODE = YES;
				CLANG_WARN__DUPLICATE_METHOD_MATCH = YES;
				COPY_PHASE_STRIP = NO;
				DEBUG_INFORMATION_FORMAT = dwarf;
				ENABLE_STRICT_OBJC_MSGSEND = YES;
				ENABLE_TESTABILITY = YES;
				GCC_C_LANGUAGE_STANDARD = gnu11;
				GCC_DYNAMIC_NO_PIC = NO;
				GCC_NO_COMMON_BLOCKS = YES;
				GCC_OPTIMIZATION_LEVEL = 0;
				GCC_PREPROCESSOR_DEFINITIONS = (
					"DEBUG=1",
					"$(inherited)",
				);
				GCC_WARN_64_TO_32_BIT_CONVERSION = YES;
				GCC_WARN_ABOUT_RETURN_TYPE = YES_ERROR;
				GCC_WARN_UNDECLARED_SELECTOR = YES;
				GCC_WARN_UNINITIALIZED_AUTOS = YES_AGGRESSIVE;
				GCC_WARN_UNUSED_FUNCTION = YES;
				GCC_WARN_UNUSED_VARIABLE = YES;
				IPHONEOS_DEPLOYMENT_TARGET = 13.2;
				MTL_ENABLE_DEBUG_INFO = INCLUDE_SOURCE;
				MTL_FAST_MATH = YES;
				ONLY_ACTIVE_ARCH = YES;
				SDKROOT = iphoneos;
				SWIFT_ACTIVE_COMPILATION_CONDITIONS = DEBUG;
				SWIFT_OPTIMIZATION_LEVEL = "-Onone";
			};
			name = Debug;
		};
		47EFB9DC23F6836300BE3AEE /* Release */ = {
			isa = XCBuildConfiguration;
			buildSettings = {
				ALWAYS_SEARCH_USER_PATHS = NO;
				CLANG_ANALYZER_NONNULL = YES;
				CLANG_ANALYZER_NUMBER_OBJECT_CONVERSION = YES_AGGRESSIVE;
				CLANG_CXX_LANGUAGE_STANDARD = "gnu++14";
				CLANG_CXX_LIBRARY = "libc++";
				CLANG_ENABLE_MODULES = YES;
				CLANG_ENABLE_OBJC_ARC = YES;
				CLANG_ENABLE_OBJC_WEAK = YES;
				CLANG_WARN_BLOCK_CAPTURE_AUTORELEASING = YES;
				CLANG_WARN_BOOL_CONVERSION = YES;
				CLANG_WARN_COMMA = YES;
				CLANG_WARN_CONSTANT_CONVERSION = YES;
				CLANG_WARN_DEPRECATED_OBJC_IMPLEMENTATIONS = YES;
				CLANG_WARN_DIRECT_OBJC_ISA_USAGE = YES_ERROR;
				CLANG_WARN_DOCUMENTATION_COMMENTS = YES;
				CLANG_WARN_EMPTY_BODY = YES;
				CLANG_WARN_ENUM_CONVERSION = YES;
				CLANG_WARN_INFINITE_RECURSION = YES;
				CLANG_WARN_INT_CONVERSION = YES;
				CLANG_WARN_NON_LITERAL_NULL_CONVERSION = YES;
				CLANG_WARN_OBJC_IMPLICIT_RETAIN_SELF = YES;
				CLANG_WARN_OBJC_LITERAL_CONVERSION = YES;
				CLANG_WARN_OBJC_ROOT_CLASS = YES_ERROR;
				CLANG_WARN_RANGE_LOOP_ANALYSIS = YES;
				CLANG_WARN_STRICT_PROTOTYPES = YES;
				CLANG_WARN_SUSPICIOUS_MOVE = YES;
				CLANG_WARN_UNGUARDED_AVAILABILITY = YES_AGGRESSIVE;
				CLANG_WARN_UNREACHABLE_CODE = YES;
				CLANG_WARN__DUPLICATE_METHOD_MATCH = YES;
				COPY_PHASE_STRIP = NO;
				DEBUG_INFORMATION_FORMAT = "dwarf-with-dsym";
				ENABLE_NS_ASSERTIONS = NO;
				ENABLE_STRICT_OBJC_MSGSEND = YES;
				GCC_C_LANGUAGE_STANDARD = gnu11;
				GCC_NO_COMMON_BLOCKS = YES;
				GCC_WARN_64_TO_32_BIT_CONVERSION = YES;
				GCC_WARN_ABOUT_RETURN_TYPE = YES_ERROR;
				GCC_WARN_UNDECLARED_SELECTOR = YES;
				GCC_WARN_UNINITIALIZED_AUTOS = YES_AGGRESSIVE;
				GCC_WARN_UNUSED_FUNCTION = YES;
				GCC_WARN_UNUSED_VARIABLE = YES;
				IPHONEOS_DEPLOYMENT_TARGET = 13.2;
				MTL_ENABLE_DEBUG_INFO = NO;
				MTL_FAST_MATH = YES;
				SDKROOT = iphoneos;
				SWIFT_COMPILATION_MODE = wholemodule;
				SWIFT_OPTIMIZATION_LEVEL = "-O";
				VALIDATE_PRODUCT = YES;
			};
			name = Release;
		};
		47EFB9DE23F6836300BE3AEE /* Debug */ = {
			isa = XCBuildConfiguration;
			buildSettings = {
				ASSETCATALOG_COMPILER_APPICON_NAME = AppIcon;
				CODE_SIGN_STYLE = Automatic;
				INFOPLIST_FILE = FurnitureAR/Info.plist;
				LD_RUNPATH_SEARCH_PATHS = (
					"$(inherited)",
					"@executable_path/Frameworks",
				);
				PRODUCT_BUNDLE_IDENTIFIER = akshay.FurnitureAR;
				PRODUCT_NAME = "$(TARGET_NAME)";
				SWIFT_VERSION = 5.0;
				TARGETED_DEVICE_FAMILY = "1,2";
			};
			name = Debug;
		};
		47EFB9DF23F6836300BE3AEE /* Release */ = {
			isa = XCBuildConfiguration;
			buildSettings = {
				ASSETCATALOG_COMPILER_APPICON_NAME = AppIcon;
				CODE_SIGN_STYLE = Automatic;
				INFOPLIST_FILE = FurnitureAR/Info.plist;
				LD_RUNPATH_SEARCH_PATHS = (
					"$(inherited)",
					"@executable_path/Frameworks",
				);
				PRODUCT_BUNDLE_IDENTIFIER = akshay.FurnitureAR;
				PRODUCT_NAME = "$(TARGET_NAME)";
				SWIFT_VERSION = 5.0;
				TARGETED_DEVICE_FAMILY = "1,2";
			};
			name = Release;
		};
		47EFB9E123F6836300BE3AEE /* Debug */ = {
			isa = XCBuildConfiguration;
			buildSettings = {
				ALWAYS_EMBED_SWIFT_STANDARD_LIBRARIES = YES;
				BUNDLE_LOADER = "$(TEST_HOST)";
				CODE_SIGN_STYLE = Automatic;
				INFOPLIST_FILE = FurnitureARTests/Info.plist;
				IPHONEOS_DEPLOYMENT_TARGET = 13.2;
				LD_RUNPATH_SEARCH_PATHS = (
					"$(inherited)",
					"@executable_path/Frameworks",
					"@loader_path/Frameworks",
				);
				PRODUCT_BUNDLE_IDENTIFIER = akshay.FurnitureARTests;
				PRODUCT_NAME = "$(TARGET_NAME)";
				SWIFT_VERSION = 5.0;
				TARGETED_DEVICE_FAMILY = "1,2";
				TEST_HOST = "$(BUILT_PRODUCTS_DIR)/FurnitureAR.app/FurnitureAR";
			};
			name = Debug;
		};
		47EFB9E223F6836300BE3AEE /* Release */ = {
			isa = XCBuildConfiguration;
			buildSettings = {
				ALWAYS_EMBED_SWIFT_STANDARD_LIBRARIES = YES;
				BUNDLE_LOADER = "$(TEST_HOST)";
				CODE_SIGN_STYLE = Automatic;
				INFOPLIST_FILE = FurnitureARTests/Info.plist;
				IPHONEOS_DEPLOYMENT_TARGET = 13.2;
				LD_RUNPATH_SEARCH_PATHS = (
					"$(inherited)",
					"@executable_path/Frameworks",
					"@loader_path/Frameworks",
				);
				PRODUCT_BUNDLE_IDENTIFIER = akshay.FurnitureARTests;
				PRODUCT_NAME = "$(TARGET_NAME)";
				SWIFT_VERSION = 5.0;
				TARGETED_DEVICE_FAMILY = "1,2";
				TEST_HOST = "$(BUILT_PRODUCTS_DIR)/FurnitureAR.app/FurnitureAR";
			};
			name = Release;
		};
		47EFB9E423F6836300BE3AEE /* Debug */ = {
			isa = XCBuildConfiguration;
			buildSettings = {
				ALWAYS_EMBED_SWIFT_STANDARD_LIBRARIES = YES;
				CODE_SIGN_STYLE = Automatic;
				INFOPLIST_FILE = FurnitureARUITests/Info.plist;
				LD_RUNPATH_SEARCH_PATHS = (
					"$(inherited)",
					"@executable_path/Frameworks",
					"@loader_path/Frameworks",
				);
				PRODUCT_BUNDLE_IDENTIFIER = akshay.FurnitureARUITests;
				PRODUCT_NAME = "$(TARGET_NAME)";
				SWIFT_VERSION = 5.0;
				TARGETED_DEVICE_FAMILY = "1,2";
				TEST_TARGET_NAME = FurnitureAR;
			};
			name = Debug;
		};
		47EFB9E523F6836300BE3AEE /* Release */ = {
			isa = XCBuildConfiguration;
			buildSettings = {
				ALWAYS_EMBED_SWIFT_STANDARD_LIBRARIES = YES;
				CODE_SIGN_STYLE = Automatic;
				INFOPLIST_FILE = FurnitureARUITests/Info.plist;
				LD_RUNPATH_SEARCH_PATHS = (
					"$(inherited)",
					"@executable_path/Frameworks",
					"@loader_path/Frameworks",
				);
				PRODUCT_BUNDLE_IDENTIFIER = akshay.FurnitureARUITests;
				PRODUCT_NAME = "$(TARGET_NAME)";
				SWIFT_VERSION = 5.0;
				TARGETED_DEVICE_FAMILY = "1,2";
				TEST_TARGET_NAME = FurnitureAR;
			};
			name = Release;
		};
/* End XCBuildConfiguration section */

/* Begin XCConfigurationList section */
		47EFB9AE23F6835F00BE3AEE /* Build configuration list for PBXProject "FurnitureAR" */ = {
			isa = XCConfigurationList;
			buildConfigurations = (
				47EFB9DB23F6836300BE3AEE /* Debug */,
				47EFB9DC23F6836300BE3AEE /* Release */,
			);
			defaultConfigurationIsVisible = 0;
			defaultConfigurationName = Release;
		};
		47EFB9DD23F6836300BE3AEE /* Build configuration list for PBXNativeTarget "FurnitureAR" */ = {
			isa = XCConfigurationList;
			buildConfigurations = (
				47EFB9DE23F6836300BE3AEE /* Debug */,
				47EFB9DF23F6836300BE3AEE /* Release */,
			);
			defaultConfigurationIsVisible = 0;
			defaultConfigurationName = Release;
		};
		47EFB9E023F6836300BE3AEE /* Build configuration list for PBXNativeTarget "FurnitureARTests" */ = {
			isa = XCConfigurationList;
			buildConfigurations = (
				47EFB9E123F6836300BE3AEE /* Debug */,
				47EFB9E223F6836300BE3AEE /* Release */,
			);
			defaultConfigurationIsVisible = 0;
			defaultConfigurationName = Release;
		};
		47EFB9E323F6836300BE3AEE /* Build configuration list for PBXNativeTarget "FurnitureARUITests" */ = {
			isa = XCConfigurationList;
			buildConfigurations = (
				47EFB9E423F6836300BE3AEE /* Debug */,
				47EFB9E523F6836300BE3AEE /* Release */,
			);
			defaultConfigurationIsVisible = 0;
			defaultConfigurationName = Release;
		};
/* End XCConfigurationList section */
	};
	rootObject = 47EFB9AB23F6835F00BE3AEE /* Project object */;
}
